{
  "name": "mongoose-2fa",
  "version": "1.0.0",
  "lockfileVersion": 1,
  "requires": true,
  "dependencies": {
    "otplib": {
      "version": "11.0.1",
      "resolved": "https://registry.npmjs.org/otplib/-/otplib-11.0.1.tgz",
      "integrity": "sha512-oi57teljNyWTC/JqJztHOtSGeFNDiDh5C1myd+faocUtFAX27Sm1mbx69kpEJ8/JqrblI3kAm4Pqd6tZJoOIBQ==",
      "requires": {
        "thirty-two": "1.0.2"
      }
    },
    "thirty-two": {
      "version": "1.0.2",
      "resolved": "https://registry.npmjs.org/thirty-two/-/thirty-two-1.0.2.tgz",
      "integrity": "sha1-TKL//AKlEpDSdEueP1V2k8prYno="
    }
  }
}
